
Microsoft Visual Studio Solution File, Format Version 12.00
# Visual Studio Version 17
VisualStudioVersion = 17.2.32519.379
MinimumVisualStudioVersion = 10.0.40219.1
Project("{FAE04EC0-301F-11D3-BF4B-00C04F79EFBC}") = "Crowdfunding", "Crowdfunding\Crowdfunding.csproj", "{DF707DE4-363C-4D94-8F35-63240EA72AE5}"
EndProject
Global
	GlobalSection(SolutionConfigurationPlatforms) = preSolution
		Debug|Any CPU = Debug|Any CPU
		Release|Any CPU = Release|Any CPU
	EndGlobalSection
	GlobalSection(ProjectConfigurationPlatforms) = postSolution
		{DF707DE4-363C-4D94-8F35-63240EA72AE5}.Debug|Any CPU.ActiveCfg = Debug|Any CPU
		{DF707DE4-363C-4D94-8F35-63240EA72AE5}.Debug|Any CPU.Build.0 = Debug|Any CPU
		{DF707DE4-363C-4D94-8F35-63240EA72AE5}.Release|Any CPU.ActiveCfg = Release|Any CPU
		{DF707DE4-363C-4D94-8F35-63240EA72AE5}.Release|Any CPU.Build.0 = Release|Any CPU
	EndGlobalSection
	GlobalSection(SolutionProperties) = preSolution
		HideSolutionNode = FALSE
	EndGlobalSection
	GlobalSection(ExtensibilityGlobals) = postSolution
		SolutionGuid = {AF344F32-6DB5-430D-ABF5-2B63B05BAD1B}
	EndGlobalSection
EndGlobal
